
Microsoft Visual Studio Solution File, Format Version 12.00
# Visual Studio Version 17
VisualStudioVersion = 17.9.34902.65
MinimumVisualStudioVersion = 10.0.40219.1
Project("{8BC9CEB8-8B4A-11D0-8D11-00A0C91BC942}") = "Grafika_Projekt", "Grafika_Projekt\Grafika_Projekt.vcxproj", "{79E0AFE8-D3F5-449C-B3D1-CC5D58098E78}"
EndProject
Global
	GlobalSection(SolutionConfigurationPlatforms) = preSolution
		Debug|x64 = Debug|x64
		Debug|x86 = Debug|x86
		Release|x64 = Release|x64
		Release|x86 = Release|x86
	EndGlobalSection
	GlobalSection(ProjectConfigurationPlatforms) = postSolution
		{79E0AFE8-D3F5-449C-B3D1-CC5D58098E78}.Debug|x64.ActiveCfg = Debug|x64
		{79E0AFE8-D3F5-449C-B3D1-CC5D58098E78}.Debug|x64.Build.0 = Debug|x64
		{79E0AFE8-D3F5-449C-B3D1-CC5D58098E78}.Debug|x86.ActiveCfg = Debug|Win32
		{79E0AFE8-D3F5-449C-B3D1-CC5D58098E78}.Debug|x86.Build.0 = Debug|Win32
		{79E0AFE8-D3F5-449C-B3D1-CC5D58098E78}.Release|x64.ActiveCfg = Release|x64
		{79E0AFE8-D3F5-449C-B3D1-CC5D58098E78}.Release|x64.Build.0 = Release|x64
		{79E0AFE8-D3F5-449C-B3D1-CC5D58098E78}.Release|x86.ActiveCfg = Release|Win32
		{79E0AFE8-D3F5-449C-B3D1-CC5D58098E78}.Release|x86.Build.0 = Release|Win32
	EndGlobalSection
	GlobalSection(SolutionProperties) = preSolution
		HideSolutionNode = FALSE
	EndGlobalSection
	GlobalSection(ExtensibilityGlobals) = postSolution
		SolutionGuid = {BFE54E82-59A2-42C2-BA84-4A4FFCD05439}
	EndGlobalSection
EndGlobal
